
Microsoft Visual Studio Solution File, Format Version 12.00
# Visual Studio Version 16
VisualStudioVersion = 16.0.29926.136
MinimumVisualStudioVersion = 10.0.40219.1
Project("{9092AA53-FB77-4645-B42D-1CCCA6BD08BD}") = "webserver", "webserver.njsproj", "{C7B700B4-E70F-474B-8B29-3A5FC52E3A90}"
EndProject
Global
	GlobalSection(SolutionConfigurationPlatforms) = preSolution
		Debug|Any CPU = Debug|Any CPU
		Release|Any CPU = Release|Any CPU
	EndGlobalSection
	GlobalSection(ProjectConfigurationPlatforms) = postSolution
		{C7B700B4-E70F-474B-8B29-3A5FC52E3A90}.Debug|Any CPU.ActiveCfg = Debug|Any CPU
		{C7B700B4-E70F-474B-8B29-3A5FC52E3A90}.Debug|Any CPU.Build.0 = Debug|Any CPU
		{C7B700B4-E70F-474B-8B29-3A5FC52E3A90}.Release|Any CPU.ActiveCfg = Release|Any CPU
		{C7B700B4-E70F-474B-8B29-3A5FC52E3A90}.Release|Any CPU.Build.0 = Release|Any CPU
	EndGlobalSection
	GlobalSection(SolutionProperties) = preSolution
		HideSolutionNode = FALSE
	EndGlobalSection
	GlobalSection(ExtensibilityGlobals) = postSolution
		SolutionGuid = {E7C29945-B995-4713-8878-55EF7A03DD34}
	EndGlobalSection
EndGlobal
